// !$*UTF8*$!
{
	archiveVersion = 1;
	classes = {
	};
	objectVersion = 50;
	objects = {

/* Begin PBXBuildFile section */
		BDA9614F22E25278003527CC /* AppDelegate.m in Sources */ = {isa = PBXBuildFile; fileRef = BDA9614E22E25278003527CC /* AppDelegate.m */; };
		BDA9615222E25278003527CC /* ViewController.m in Sources */ = {isa = PBXBuildFile; fileRef = BDA9615122E25278003527CC /* ViewController.m */; };
		BDA9615522E25278003527CC /* Main.storyboard in Resources */ = {isa = PBXBuildFile; fileRef = BDA9615322E25278003527CC /* Main.storyboard */; };
		BDA9615722E25279003527CC /* Assets.xcassets in Resources */ = {isa = PBXBuildFile; fileRef = BDA9615622E25279003527CC /* Assets.xcassets */; };
		BDA9615A22E25279003527CC /* LaunchScreen.storyboard in Resources */ = {isa = PBXBuildFile; fileRef = BDA9615822E25279003527CC /* LaunchScreen.storyboard */; };
		BDA9615D22E25279003527CC /* main.m in Sources */ = {isa = PBXBuildFile; fileRef = BDA9615C22E25279003527CC /* main.m */; };
		BDA9616522E252B9003527CC /* LSIStarship.m in Sources */ = {isa = PBXBuildFile; fileRef = BDA9616422E252B9003527CC /* LSIStarship.m */; };
/* End PBXBuildFile section */

/* Begin PBXFileReference section */
		BDA9614A22E25278003527CC /* iOS6-StarwarsShips.app */ = {isa = PBXFileReference; explicitFileType = wrapper.application; includeInIndex = 0; path = "iOS6-StarwarsShips.app"; sourceTree = BUILT_PRODUCTS_DIR; };
		BDA9614D22E25278003527CC /* AppDelegate.h */ = {isa = PBXFileReference; lastKnownFileType = sourcecode.c.h; path = AppDelegate.h; sourceTree = "<group>"; };
		BDA9614E22E25278003527CC /* AppDelegate.m */ = {isa = PBXFileReference; lastKnownFileType = sourcecode.c.objc; path = AppDelegate.m; sourceTree = "<group>"; };
		BDA9615022E25278003527CC /* ViewController.h */ = {isa = PBXFileReference; lastKnownFileType = sourcecode.c.h; path = ViewController.h; sourceTree = "<group>"; };
		BDA9615122E25278003527CC /* ViewController.m */ = {isa = PBXFileReference; lastKnownFileType = sourcecode.c.objc; path = ViewController.m; sourceTree = "<group>"; };
		BDA9615422E25278003527CC /* Base */ = {isa = PBXFileReference; lastKnownFileType = file.storyboard; name = Base; path = Base.lproj/Main.storyboard; sourceTree = "<group>"; };
		BDA9615622E25279003527CC /* Assets.xcassets */ = {isa = PBXFileReference; lastKnownFileType = folder.assetcatalog; path = Assets.xcassets; sourceTree = "<group>"; };
		BDA9615922E25279003527CC /* Base */ = {isa = PBXFileReference; lastKnownFileType = file.storyboard; name = Base; path = Base.lproj/LaunchScreen.storyboard; sourceTree = "<group>"; };
		BDA9615B22E25279003527CC /* Info.plist */ = {isa = PBXFileReference; lastKnownFileType = text.plist.xml; path = Info.plist; sourceTree = "<group>"; };
		BDA9615C22E25279003527CC /* main.m */ = {isa = PBXFileReference; lastKnownFileType = sourcecode.c.objc; path = main.m; sourceTree = "<group>"; };
		BDA9616322E252B9003527CC /* LSIStarship.h */ = {isa = PBXFileReference; lastKnownFileType = sourcecode.c.h; path = LSIStarship.h; sourceTree = "<group>"; };
		BDA9616422E252B9003527CC /* LSIStarship.m */ = {isa = PBXFileReference; lastKnownFileType = sourcecode.c.objc; path = LSIStarship.m; sourceTree = "<group>"; };
/* End PBXFileReference section */

/* Begin PBXFrameworksBuildPhase section */
		BDA9614722E25278003527CC /* Frameworks */ = {
			isa = PBXFrameworksBuildPhase;
			buildActionMask = 2147483647;
			files = (
			);
			runOnlyForDeploymentPostprocessing = 0;
		};
/* End PBXFrameworksBuildPhase section */

/* Begin PBXGroup section */
		BDA9614122E25278003527CC = {
			isa = PBXGroup;
			children = (
				BDA9614C22E25278003527CC /* iOS6-StarwarsShips */,
				BDA9614B22E25278003527CC /* Products */,
			);
			sourceTree = "<group>";
		};
		BDA9614B22E25278003527CC /* Products */ = {
			isa = PBXGroup;
			children = (
				BDA9614A22E25278003527CC /* iOS6-StarwarsShips.app */,
			);
			name = Products;
			sourceTree = "<group>";
		};
		BDA9614C22E25278003527CC /* iOS6-StarwarsShips */ = {
			isa = PBXGroup;
			children = (
				BDA9614D22E25278003527CC /* AppDelegate.h */,
				BDA9614E22E25278003527CC /* AppDelegate.m */,
				BDA9615022E25278003527CC /* ViewController.h */,
				BDA9616322E252B9003527CC /* LSIStarship.h */,
				BDA9616422E252B9003527CC /* LSIStarship.m */,
				BDA9615122E25278003527CC /* ViewController.m */,
				BDA9615322E25278003527CC /* Main.storyboard */,
				BDA9615622E25279003527CC /* Assets.xcassets */,
				BDA9615822E25279003527CC /* LaunchScreen.storyboard */,
				BDA9615B22E25279003527CC /* Info.plist */,
				BDA9615C22E25279003527CC /* main.m */,
			);
			path = "iOS6-StarwarsShips";
			sourceTree = "<group>";
		};
/* End PBXGroup section */

/* Begin PBXNativeTarget section */
		BDA9614922E25278003527CC /* iOS6-StarwarsShips */ = {
			isa = PBXNativeTarget;
			buildConfigurationList = BDA9616022E25279003527CC /* Build configuration list for PBXNativeTarget "iOS6-StarwarsShips" */;
			buildPhases = (
				BDA9614622E25278003527CC /* Sources */,
				BDA9614722E25278003527CC /* Frameworks */,
				BDA9614822E25278003527CC /* Resources */,
			);
			buildRules = (
			);
			dependencies = (
			);
			name = "iOS6-StarwarsShips";
			productName = "iOS6-StarwarsShips";
			productReference = BDA9614A22E25278003527CC /* iOS6-StarwarsShips.app */;
			productType = "com.apple.product-type.application";
		};
/* End PBXNativeTarget section */

/* Begin PBXProject section */
		BDA9614222E25278003527CC /* Project object */ = {
			isa = PBXProject;
			attributes = {
				LastUpgradeCheck = 1020;
				ORGANIZATIONNAME = "Lambda, Inc";
				TargetAttributes = {
					BDA9614922E25278003527CC = {
						CreatedOnToolsVersion = 10.2.1;
					};
				};
			};
			buildConfigurationList = BDA9614522E25278003527CC /* Build configuration list for PBXProject "iOS6-StarwarsShips" */;
			compatibilityVersion = "Xcode 9.3";
			developmentRegion = en;
			hasScannedForEncodings = 0;
			knownRegions = (
				en,
				Base,
			);
			mainGroup = BDA9614122E25278003527CC;
			productRefGroup = BDA9614B22E25278003527CC /* Products */;
			projectDirPath = "";
			projectRoot = "";
			targets = (
				BDA9614922E25278003527CC /* iOS6-StarwarsShips */,
			);
		};
/* End PBXProject section */

/* Begin PBXResourcesBuildPhase section */
		BDA9614822E25278003527CC /* Resources */ = {
			isa = PBXResourcesBuildPhase;
			buildActionMask = 2147483647;
			files = (
				BDA9615A22E25279003527CC /* LaunchScreen.storyboard in Resources */,
				BDA9615722E25279003527CC /* Assets.xcassets in Resources */,
				BDA9615522E25278003527CC /* Main.storyboard in Resources */,
			);
			runOnlyForDeploymentPostprocessing = 0;
		};
/* End PBXResourcesBuildPhase section */

/* Begin PBXSourcesBuildPhase section */
		BDA9614622E25278003527CC /* Sources */ = {
			isa = PBXSourcesBuildPhase;
			buildActionMask = 2147483647;
			files = (
				BDA9615222E25278003527CC /* ViewController.m in Sources */,
				BDA9615D22E25279003527CC /* main.m in Sources */,
				BDA9616522E252B9003527CC /* LSIStarship.m in Sources */,
				BDA9614F22E25278003527CC /* AppDelegate.m in Sources */,
			);
			runOnlyForDeploymentPostprocessing = 0;
		};
/* End PBXSourcesBuildPhase section */

/* Begin PBXVariantGroup section */
		BDA9615322E25278003527CC /* Main.storyboard */ = {
			isa = PBXVariantGroup;
			children = (
				BDA9615422E25278003527CC /* Base */,
			);
			name = Main.storyboard;
			sourceTree = "<group>";
		};
		BDA9615822E25279003527CC /* LaunchScreen.storyboard */ = {
			isa = PBXVariantGroup;
			children = (
				BDA9615922E25279003527CC /* Base */,
			);
			name = LaunchScreen.storyboard;
			sourceTree = "<group>";
		};
/* End PBXVariantGroup section */

/* Begin XCBuildConfiguration section */
		BDA9615E22E25279003527CC /* Debug */ = {
			isa = XCBuildConfiguration;
			buildSettings = {
				ALWAYS_SEARCH_USER_PATHS = NO;
				CLANG_ANALYZER_NONNULL = YES;
				CLANG_ANALYZER_NUMBER_OBJECT_CONVERSION = YES_AGGRESSIVE;
				CLANG_CXX_LANGUAGE_STANDARD = "gnu++14";
				CLANG_CXX_LIBRARY = "libc++";
				CLANG_ENABLE_MODULES = YES;
				CLANG_ENABLE_OBJC_ARC = YES;
				CLANG_ENABLE_OBJC_WEAK = YES;
				CLANG_WARN_BLOCK_CAPTURE_AUTORELEASING = YES;
				CLANG_WARN_BOOL_CONVERSION = YES;
				CLANG_WARN_COMMA = YES;
				CLANG_WARN_CONSTANT_CONVERSION = YES;
				CLANG_WARN_DEPRECATED_OBJC_IMPLEMENTATIONS = YES;
				CLANG_WARN_DIRECT_OBJC_ISA_USAGE = YES_ERROR;
				CLANG_WARN_DOCUMENTATION_COMMENTS = YES;
				CLANG_WARN_EMPTY_BODY = YES;
				CLANG_WARN_ENUM_CONVERSION = YES;
				CLANG_WARN_INFINITE_RECURSION = YES;
				CLANG_WARN_INT_CONVERSION = YES;
				CLANG_WARN_NON_LITERAL_NULL_CONVERSION = YES;
				CLANG_WARN_OBJC_IMPLICIT_RETAIN_SELF = YES;
				CLANG_WARN_OBJC_LITERAL_CONVERSION = YES;
				CLANG_WARN_OBJC_ROOT_CLASS = YES_ERROR;
				CLANG_WARN_RANGE_LOOP_ANALYSIS = YES;
				CLANG_WARN_STRICT_PROTOTYPES = YES;
				CLANG_WARN_SUSPICIOUS_MOVE = YES;
				CLANG_WARN_UNGUARDED_AVAILABILITY = YES_AGGRESSIVE;
				CLANG_WARN_UNREACHABLE_CODE = YES;
				CLANG_WARN__DUPLICATE_METHOD_MATCH = YES;
				CODE_SIGN_IDENTITY = "iPhone Developer";
				COPY_PHASE_STRIP = NO;
				DEBUG_INFORMATION_FORMAT = dwarf;
				ENABLE_STRICT_OBJC_MSGSEND = YES;
				ENABLE_TESTABILITY = YES;
				GCC_C_LANGUAGE_STANDARD = gnu11;
				GCC_DYNAMIC_NO_PIC = NO;
				GCC_NO_COMMON_BLOCKS = YES;
				GCC_OPTIMIZATION_LEVEL = 0;
				GCC_PREPROCESSOR_DEFINITIONS = (
					"DEBUG=1",
					"$(inherited)",
				);
				GCC_WARN_64_TO_32_BIT_CONVERSION = YES;
				GCC_WARN_ABOUT_RETURN_TYPE = YES_ERROR;
				GCC_WARN_UNDECLARED_SELECTOR = YES;
				GCC_WARN_UNINITIALIZED_AUTOS = YES_AGGRESSIVE;
				GCC_WARN_UNUSED_FUNCTION = YES;
				GCC_WARN_UNUSED_VARIABLE = YES;
				IPHONEOS_DEPLOYMENT_TARGET = 12.2;
				MTL_ENABLE_DEBUG_INFO = INCLUDE_SOURCE;
				MTL_FAST_MATH = YES;
				ONLY_ACTIVE_ARCH = YES;
				SDKROOT = iphoneos;
			};
			name = Debug;
		};
		BDA9615F22E25279003527CC /* Release */ = {
			isa = XCBuildConfiguration;
			buildSettings = {
				ALWAYS_SEARCH_USER_PATHS = NO;
				CLANG_ANALYZER_NONNULL = YES;
				CLANG_ANALYZER_NUMBER_OBJECT_CONVERSION = YES_AGGRESSIVE;
				CLANG_CXX_LANGUAGE_STANDARD = "gnu++14";
				CLANG_CXX_LIBRARY = "libc++";
				CLANG_ENABLE_MODULES = YES;
				CLANG_ENABLE_OBJC_ARC = YES;
				CLANG_ENABLE_OBJC_WEAK = YES;
				CLANG_WARN_BLOCK_CAPTURE_AUTORELEASING = YES;
				CLANG_WARN_BOOL_CONVERSION = YES;
				CLANG_WARN_COMMA = YES;
				CLANG_WARN_CONSTANT_CONVERSION = YES;
				CLANG_WARN_DEPRECATED_OBJC_IMPLEMENTATIONS = YES;
				CLANG_WARN_DIRECT_OBJC_ISA_USAGE = YES_ERROR;
				CLANG_WARN_DOCUMENTATION_COMMENTS = YES;
				CLANG_WARN_EMPTY_BODY = YES;
				CLANG_WARN_ENUM_CONVERSION = YES;
				CLANG_WARN_INFINITE_RECURSION = YES;
				CLANG_WARN_INT_CONVERSION = YES;
				CLANG_WARN_NON_LITERAL_NULL_CONVERSION = YES;
				CLANG_WARN_OBJC_IMPLICIT_RETAIN_SELF = YES;
				CLANG_WARN_OBJC_LITERAL_CONVERSION = YES;
				CLANG_WARN_OBJC_ROOT_CLASS = YES_ERROR;
				CLANG_WARN_RANGE_LOOP_ANALYSIS = YES;
				CLANG_WARN_STRICT_PROTOTYPES = YES;
				CLANG_WARN_SUSPICIOUS_MOVE = YES;
				CLANG_WARN_UNGUARDED_AVAILABILITY = YES_AGGRESSIVE;
				CLANG_WARN_UNREACHABLE_CODE = YES;
				CLANG_WARN__DUPLICATE_METHOD_MATCH = YES;
				CODE_SIGN_IDENTITY = "iPhone Developer";
				COPY_PHASE_STRIP = NO;
				DEBUG_INFORMATION_FORMAT = "dwarf-with-dsym";
				ENABLE_NS_ASSERTIONS = NO;
				ENABLE_STRICT_OBJC_MSGSEND = YES;
				GCC_C_LANGUAGE_STANDARD = gnu11;
				GCC_NO_COMMON_BLOCKS = YES;
				GCC_WARN_64_TO_32_BIT_CONVERSION = YES;
				GCC_WARN_ABOUT_RETURN_TYPE = YES_ERROR;
				GCC_WARN_UNDECLARED_SELECTOR = YES;
				GCC_WARN_UNINITIALIZED_AUTOS = YES_AGGRESSIVE;
				GCC_WARN_UNUSED_FUNCTION = YES;
				GCC_WARN_UNUSED_VARIABLE = YES;
				IPHONEOS_DEPLOYMENT_TARGET = 12.2;
				MTL_ENABLE_DEBUG_INFO = NO;
				MTL_FAST_MATH = YES;
				SDKROOT = iphoneos;
				VALIDATE_PRODUCT = YES;
			};
			name = Release;
		};
		BDA9616122E25279003527CC /* Debug */ = {
			isa = XCBuildConfiguration;
			buildSettings = {
				ASSETCATALOG_COMPILER_APPICON_NAME = AppIcon;
				CODE_SIGN_STYLE = Automatic;
				DEVELOPMENT_TEAM = VXUQXR6S56;
				INFOPLIST_FILE = "iOS6-StarwarsShips/Info.plist";
				LD_RUNPATH_SEARCH_PATHS = (
					"$(inherited)",
					"@executable_path/Frameworks",
				);
				PRODUCT_BUNDLE_IDENTIFIER = "com.lambdaschool.iOS6-StarwarsShips";
				PRODUCT_NAME = "$(TARGET_NAME)";
				TARGETED_DEVICE_FAMILY = "1,2";
			};
			name = Debug;
		};
		BDA9616222E25279003527CC /* Release */ = {
			isa = XCBuildConfiguration;
			buildSettings = {
				ASSETCATALOG_COMPILER_APPICON_NAME = AppIcon;
				CODE_SIGN_STYLE = Automatic;
				DEVELOPMENT_TEAM = VXUQXR6S56;
				INFOPLIST_FILE = "iOS6-StarwarsShips/Info.plist";
				LD_RUNPATH_SEARCH_PATHS = (
					"$(inherited)",
					"@executable_path/Frameworks",
				);
				PRODUCT_BUNDLE_IDENTIFIER = "com.lambdaschool.iOS6-StarwarsShips";
				PRODUCT_NAME = "$(TARGET_NAME)";
				TARGETED_DEVICE_FAMILY = "1,2";
			};
			name = Release;
		};
/* End XCBuildConfiguration section */

/* Begin XCConfigurationList section */
		BDA9614522E25278003527CC /* Build configuration list for PBXProject "iOS6-StarwarsShips" */ = {
			isa = XCConfigurationList;
			buildConfigurations = (
				BDA9615E22E25279003527CC /* Debug */,
				BDA9615F22E25279003527CC /* Release */,
			);
			defaultConfigurationIsVisible = 0;
			defaultConfigurationName = Release;
		};
		BDA9616022E25279003527CC /* Build configuration list for PBXNativeTarget "iOS6-StarwarsShips" */ = {
			isa = XCConfigurationList;
			buildConfigurations = (
				BDA9616122E25279003527CC /* Debug */,
				BDA9616222E25279003527CC /* Release */,
			);
			defaultConfigurationIsVisible = 0;
			defaultConfigurationName = Release;
		};
/* End XCConfigurationList section */
	};
	rootObject = BDA9614222E25278003527CC /* Project object */;
}
